
Microsoft Visual Studio Solution File, Format Version 12.00
Project("{FAE04EC0-301F-11D3-BF4B-00C04F79EFBC}") = "BatchProcess", "BatchProcess.csproj", "{A302B6CA-059C-47C1-BEC1-252B072F353E}"
EndProject
Global
	GlobalSection(SolutionConfigurationPlatforms) = preSolution
		Debug|Any CPU = Debug|Any CPU
		Release|Any CPU = Release|Any CPU
	EndGlobalSection
	GlobalSection(ProjectConfigurationPlatforms) = postSolution
		{A302B6CA-059C-47C1-BEC1-252B072F353E}.Debug|Any CPU.ActiveCfg = Debug|Any CPU
		{A302B6CA-059C-47C1-BEC1-252B072F353E}.Debug|Any CPU.Build.0 = Debug|Any CPU
		{A302B6CA-059C-47C1-BEC1-252B072F353E}.Release|Any CPU.ActiveCfg = Release|Any CPU
		{A302B6CA-059C-47C1-BEC1-252B072F353E}.Release|Any CPU.Build.0 = Release|Any CPU
	EndGlobalSection
EndGlobal
